// !$*UTF8*$!
{
	archiveVersion = 1;
	classes = {
	};
	objectVersion = 46;
	objects = {

/* Begin PBXBuildFile section */
		DEFCF0271E36C8CE00244DF0 /* main.m in Sources */ = {isa = PBXBuildFile; fileRef = DEFCF0261E36C8CE00244DF0 /* main.m */; };
		DEFCF02A1E36C8CE00244DF0 /* AppDelegate.m in Sources */ = {isa = PBXBuildFile; fileRef = DEFCF0291E36C8CE00244DF0 /* AppDelegate.m */; };
		DEFCF02D1E36C8CE00244DF0 /* ViewController.m in Sources */ = {isa = PBXBuildFile; fileRef = DEFCF02C1E36C8CE00244DF0 /* ViewController.m */; };
		DEFCF0301E36C8CE00244DF0 /* Main.storyboard in Resources */ = {isa = PBXBuildFile; fileRef = DEFCF02E1E36C8CE00244DF0 /* Main.storyboard */; };
		DEFCF0321E36C8CE00244DF0 /* Assets.xcassets in Resources */ = {isa = PBXBuildFile; fileRef = DEFCF0311E36C8CE00244DF0 /* Assets.xcassets */; };
		DEFCF0351E36C8CE00244DF0 /* LaunchScreen.storyboard in Resources */ = {isa = PBXBuildFile; fileRef = DEFCF0331E36C8CE00244DF0 /* LaunchScreen.storyboard */; };
/* End PBXBuildFile section */

/* Begin PBXFileReference section */
		DEFCF0221E36C8CE00244DF0 /* Personalinfo.app */ = {isa = PBXFileReference; explicitFileType = wrapper.application; includeInIndex = 0; path = Personalinfo.app; sourceTree = BUILT_PRODUCTS_DIR; };
		DEFCF0261E36C8CE00244DF0 /* main.m */ = {isa = PBXFileReference; lastKnownFileType = sourcecode.c.objc; path = main.m; sourceTree = "<group>"; };
		DEFCF0281E36C8CE00244DF0 /* AppDelegate.h */ = {isa = PBXFileReference; lastKnownFileType = sourcecode.c.h; path = AppDelegate.h; sourceTree = "<group>"; };
		DEFCF0291E36C8CE00244DF0 /* AppDelegate.m */ = {isa = PBXFileReference; lastKnownFileType = sourcecode.c.objc; path = AppDelegate.m; sourceTree = "<group>"; };
		DEFCF02B1E36C8CE00244DF0 /* ViewController.h */ = {isa = PBXFileReference; lastKnownFileType = sourcecode.c.h; path = ViewController.h; sourceTree = "<group>"; };
		DEFCF02C1E36C8CE00244DF0 /* ViewController.m */ = {isa = PBXFileReference; lastKnownFileType = sourcecode.c.objc; path = ViewController.m; sourceTree = "<group>"; };
		DEFCF02F1E36C8CE00244DF0 /* Base */ = {isa = PBXFileReference; lastKnownFileType = file.storyboard; name = Base; path = Base.lproj/Main.storyboard; sourceTree = "<group>"; };
		DEFCF0311E36C8CE00244DF0 /* Assets.xcassets */ = {isa = PBXFileReference; lastKnownFileType = folder.assetcatalog; path = Assets.xcassets; sourceTree = "<group>"; };
		DEFCF0341E36C8CE00244DF0 /* Base */ = {isa = PBXFileReference; lastKnownFileType = file.storyboard; name = Base; path = Base.lproj/LaunchScreen.storyboard; sourceTree = "<group>"; };
		DEFCF0361E36C8CE00244DF0 /* Info.plist */ = {isa = PBXFileReference; lastKnownFileType = text.plist.xml; path = Info.plist; sourceTree = "<group>"; };
/* End PBXFileReference section */

/* Begin PBXFrameworksBuildPhase section */
		DEFCF01F1E36C8CE00244DF0 /* Frameworks */ = {
			isa = PBXFrameworksBuildPhase;
			buildActionMask = 2147483647;
			files = (
			);
			runOnlyForDeploymentPostprocessing = 0;
		};
/* End PBXFrameworksBuildPhase section */

/* Begin PBXGroup section */
		DEFCF0191E36C8CE00244DF0 = {
			isa = PBXGroup;
			children = (
				DEFCF0241E36C8CE00244DF0 /* Personalinfo */,
				DEFCF0231E36C8CE00244DF0 /* Products */,
			);
			sourceTree = "<group>";
		};
		DEFCF0231E36C8CE00244DF0 /* Products */ = {
			isa = PBXGroup;
			children = (
				DEFCF0221E36C8CE00244DF0 /* Personalinfo.app */,
			);
			name = Products;
			sourceTree = "<group>";
		};
		DEFCF0241E36C8CE00244DF0 /* Personalinfo */ = {
			isa = PBXGroup;
			children = (
				DEFCF0281E36C8CE00244DF0 /* AppDelegate.h */,
				DEFCF0291E36C8CE00244DF0 /* AppDelegate.m */,
				DEFCF02B1E36C8CE00244DF0 /* ViewController.h */,
				DEFCF02C1E36C8CE00244DF0 /* ViewController.m */,
				DEFCF02E1E36C8CE00244DF0 /* Main.storyboard */,
				DEFCF0311E36C8CE00244DF0 /* Assets.xcassets */,
				DEFCF0331E36C8CE00244DF0 /* LaunchScreen.storyboard */,
				DEFCF0361E36C8CE00244DF0 /* Info.plist */,
				DEFCF0251E36C8CE00244DF0 /* Supporting Files */,
			);
			path = Personalinfo;
			sourceTree = "<group>";
		};
		DEFCF0251E36C8CE00244DF0 /* Supporting Files */ = {
			isa = PBXGroup;
			children = (
				DEFCF0261E36C8CE00244DF0 /* main.m */,
			);
			name = "Supporting Files";
			sourceTree = "<group>";
		};
/* End PBXGroup section */

/* Begin PBXNativeTarget section */
		DEFCF0211E36C8CE00244DF0 /* Personalinfo */ = {
			isa = PBXNativeTarget;
			buildConfigurationList = DEFCF0391E36C8CE00244DF0 /* Build configuration list for PBXNativeTarget "Personalinfo" */;
			buildPhases = (
				DEFCF01E1E36C8CE00244DF0 /* Sources */,
				DEFCF01F1E36C8CE00244DF0 /* Frameworks */,
				DEFCF0201E36C8CE00244DF0 /* Resources */,
			);
			buildRules = (
			);
			dependencies = (
			);
			name = Personalinfo;
			productName = Personalinfo;
			productReference = DEFCF0221E36C8CE00244DF0 /* Personalinfo.app */;
			productType = "com.apple.product-type.application";
		};
/* End PBXNativeTarget section */

/* Begin PBXProject section */
		DEFCF01A1E36C8CE00244DF0 /* Project object */ = {
			isa = PBXProject;
			attributes = {
				LastUpgradeCheck = 0820;
				ORGANIZATIONNAME = "I Comm Marketing";
				TargetAttributes = {
					DEFCF0211E36C8CE00244DF0 = {
						CreatedOnToolsVersion = 8.2.1;
						DevelopmentTeam = N259SMNAP5;
						ProvisioningStyle = Automatic;
					};
				};
			};
			buildConfigurationList = DEFCF01D1E36C8CE00244DF0 /* Build configuration list for PBXProject "Personalinfo" */;
			compatibilityVersion = "Xcode 3.2";
			developmentRegion = English;
			hasScannedForEncodings = 0;
			knownRegions = (
				en,
				Base,
			);
			mainGroup = DEFCF0191E36C8CE00244DF0;
			productRefGroup = DEFCF0231E36C8CE00244DF0 /* Products */;
			projectDirPath = "";
			projectRoot = "";
			targets = (
				DEFCF0211E36C8CE00244DF0 /* Personalinfo */,
			);
		};
/* End PBXProject section */

/* Begin PBXResourcesBuildPhase section */
		DEFCF0201E36C8CE00244DF0 /* Resources */ = {
			isa = PBXResourcesBuildPhase;
			buildActionMask = 2147483647;
			files = (
				DEFCF0351E36C8CE00244DF0 /* LaunchScreen.storyboard in Resources */,
				DEFCF0321E36C8CE00244DF0 /* Assets.xcassets in Resources */,
				DEFCF0301E36C8CE00244DF0 /* Main.storyboard in Resources */,
			);
			runOnlyForDeploymentPostprocessing = 0;
		};
/* End PBXResourcesBuildPhase section */

/* Begin PBXSourcesBuildPhase section */
		DEFCF01E1E36C8CE00244DF0 /* Sources */ = {
			isa = PBXSourcesBuildPhase;
			buildActionMask = 2147483647;
			files = (
				DEFCF02D1E36C8CE00244DF0 /* ViewController.m in Sources */,
				DEFCF02A1E36C8CE00244DF0 /* AppDelegate.m in Sources */,
				DEFCF0271E36C8CE00244DF0 /* main.m in Sources */,
			);
			runOnlyForDeploymentPostprocessing = 0;
		};
/* End PBXSourcesBuildPhase section */

/* Begin PBXVariantGroup section */
		DEFCF02E1E36C8CE00244DF0 /* Main.storyboard */ = {
			isa = PBXVariantGroup;
			children = (
				DEFCF02F1E36C8CE00244DF0 /* Base */,
			);
			name = Main.storyboard;
			sourceTree = "<group>";
		};
		DEFCF0331E36C8CE00244DF0 /* LaunchScreen.storyboard */ = {
			isa = PBXVariantGroup;
			children = (
				DEFCF0341E36C8CE00244DF0 /* Base */,
			);
			name = LaunchScreen.storyboard;
			sourceTree = "<group>";
		};
/* End PBXVariantGroup section */

/* Begin XCBuildConfiguration section */
		DEFCF0371E36C8CE00244DF0 /* Debug */ = {
			isa = XCBuildConfiguration;
			buildSettings = {
				ALWAYS_SEARCH_USER_PATHS = NO;
				CLANG_ANALYZER_NONNULL = YES;
				CLANG_CXX_LANGUAGE_STANDARD = "gnu++0x";
				CLANG_CXX_LIBRARY = "libc++";
				CLANG_ENABLE_MODULES = YES;
				CLANG_ENABLE_OBJC_ARC = YES;
				CLANG_WARN_BOOL_CONVERSION = YES;
				CLANG_WARN_CONSTANT_CONVERSION = YES;
				CLANG_WARN_DIRECT_OBJC_ISA_USAGE = YES_ERROR;
				CLANG_WARN_DOCUMENTATION_COMMENTS = YES;
				CLANG_WARN_EMPTY_BODY = YES;
				CLANG_WARN_ENUM_CONVERSION = YES;
				CLANG_WARN_INFINITE_RECURSION = YES;
				CLANG_WARN_INT_CONVERSION = YES;
				CLANG_WARN_OBJC_ROOT_CLASS = YES_ERROR;
				CLANG_WARN_SUSPICIOUS_MOVE = YES;
				CLANG_WARN_UNREACHABLE_CODE = YES;
				CLANG_WARN__DUPLICATE_METHOD_MATCH = YES;
				"CODE_SIGN_IDENTITY[sdk=iphoneos*]" = "iPhone Developer";
				COPY_PHASE_STRIP = NO;
				DEBUG_INFORMATION_FORMAT = dwarf;
				ENABLE_STRICT_OBJC_MSGSEND = YES;
				ENABLE_TESTABILITY = YES;
				GCC_C_LANGUAGE_STANDARD = gnu99;
				GCC_DYNAMIC_NO_PIC = NO;
				GCC_NO_COMMON_BLOCKS = YES;
				GCC_OPTIMIZATION_LEVEL = 0;
				GCC_PREPROCESSOR_DEFINITIONS = (
					"DEBUG=1",
					"$(inherited)",
				);
				GCC_WARN_64_TO_32_BIT_CONVERSION = YES;
				GCC_WARN_ABOUT_RETURN_TYPE = YES_ERROR;
				GCC_WARN_UNDECLARED_SELECTOR = YES;
				GCC_WARN_UNINITIALIZED_AUTOS = YES_AGGRESSIVE;
				GCC_WARN_UNUSED_FUNCTION = YES;
				GCC_WARN_UNUSED_VARIABLE = YES;
				IPHONEOS_DEPLOYMENT_TARGET = 10.2;
				MTL_ENABLE_DEBUG_INFO = YES;
				ONLY_ACTIVE_ARCH = YES;
				SDKROOT = iphoneos;
				TARGETED_DEVICE_FAMILY = "1,2";
			};
			name = Debug;
		};
		DEFCF0381E36C8CE00244DF0 /* Release */ = {
			isa = XCBuildConfiguration;
			buildSettings = {
				ALWAYS_SEARCH_USER_PATHS = NO;
				CLANG_ANALYZER_NONNULL = YES;
				CLANG_CXX_LANGUAGE_STANDARD = "gnu++0x";
				CLANG_CXX_LIBRARY = "libc++";
				CLANG_ENABLE_MODULES = YES;
				CLANG_ENABLE_OBJC_ARC = YES;
				CLANG_WARN_BOOL_CONVERSION = YES;
				CLANG_WARN_CONSTANT_CONVERSION = YES;
				CLANG_WARN_DIRECT_OBJC_ISA_USAGE = YES_ERROR;
				CLANG_WARN_DOCUMENTATION_COMMENTS = YES;
				CLANG_WARN_EMPTY_BODY = YES;
				CLANG_WARN_ENUM_CONVERSION = YES;
				CLANG_WARN_INFINITE_RECURSION = YES;
				CLANG_WARN_INT_CONVERSION = YES;
				CLANG_WARN_OBJC_ROOT_CLASS = YES_ERROR;
				CLANG_WARN_SUSPICIOUS_MOVE = YES;
				CLANG_WARN_UNREACHABLE_CODE = YES;
				CLANG_WARN__DUPLICATE_METHOD_MATCH = YES;
				"CODE_SIGN_IDENTITY[sdk=iphoneos*]" = "iPhone Developer";
				COPY_PHASE_STRIP = NO;
				DEBUG_INFORMATION_FORMAT = "dwarf-with-dsym";
				ENABLE_NS_ASSERTIONS = NO;
				ENABLE_STRICT_OBJC_MSGSEND = YES;
				GCC_C_LANGUAGE_STANDARD = gnu99;
				GCC_NO_COMMON_BLOCKS = YES;
				GCC_WARN_64_TO_32_BIT_CONVERSION = YES;
				GCC_WARN_ABOUT_RETURN_TYPE = YES_ERROR;
				GCC_WARN_UNDECLARED_SELECTOR = YES;
				GCC_WARN_UNINITIALIZED_AUTOS = YES_AGGRESSIVE;
				GCC_WARN_UNUSED_FUNCTION = YES;
				GCC_WARN_UNUSED_VARIABLE = YES;
				IPHONEOS_DEPLOYMENT_TARGET = 10.2;
				MTL_ENABLE_DEBUG_INFO = NO;
				SDKROOT = iphoneos;
				TARGETED_DEVICE_FAMILY = "1,2";
				VALIDATE_PRODUCT = YES;
			};
			name = Release;
		};
		DEFCF03A1E36C8CE00244DF0 /* Debug */ = {
			isa = XCBuildConfiguration;
			buildSettings = {
				ASSETCATALOG_COMPILER_APPICON_NAME = AppIcon;
				DEVELOPMENT_TEAM = N259SMNAP5;
				INFOPLIST_FILE = Personalinfo/Info.plist;
				LD_RUNPATH_SEARCH_PATHS = "$(inherited) @executable_path/Frameworks";
				PRODUCT_BUNDLE_IDENTIFIER = ca.icmarketing.Personalinfo;
				PRODUCT_NAME = "$(TARGET_NAME)";
			};
			name = Debug;
		};
		DEFCF03B1E36C8CE00244DF0 /* Release */ = {
			isa = XCBuildConfiguration;
			buildSettings = {
				ASSETCATALOG_COMPILER_APPICON_NAME = AppIcon;
				DEVELOPMENT_TEAM = N259SMNAP5;
				INFOPLIST_FILE = Personalinfo/Info.plist;
				LD_RUNPATH_SEARCH_PATHS = "$(inherited) @executable_path/Frameworks";
				PRODUCT_BUNDLE_IDENTIFIER = ca.icmarketing.Personalinfo;
				PRODUCT_NAME = "$(TARGET_NAME)";
			};
			name = Release;
		};
/* End XCBuildConfiguration section */

/* Begin XCConfigurationList section */
		DEFCF01D1E36C8CE00244DF0 /* Build configuration list for PBXProject "Personalinfo" */ = {
			isa = XCConfigurationList;
			buildConfigurations = (
				DEFCF0371E36C8CE00244DF0 /* Debug */,
				DEFCF0381E36C8CE00244DF0 /* Release */,
			);
			defaultConfigurationIsVisible = 0;
			defaultConfigurationName = Release;
		};
		DEFCF0391E36C8CE00244DF0 /* Build configuration list for PBXNativeTarget "Personalinfo" */ = {
			isa = XCConfigurationList;
			buildConfigurations = (
				DEFCF03A1E36C8CE00244DF0 /* Debug */,
				DEFCF03B1E36C8CE00244DF0 /* Release */,
			);
			defaultConfigurationIsVisible = 0;
		};
/* End XCConfigurationList section */
	};
	rootObject = DEFCF01A1E36C8CE00244DF0 /* Project object */;
}
